{
  "name": "INFO-6128-Recipe-App",
  "lockfileVersion": 2,
  "requires": true,
  "packages": {
    "": {
      "dependencies": {
        "onsenui": "^2.12.0"
      }
    },
    "node_modules/onsenui": {
      "version": "2.12.0",
      "resolved": "https://registry.npmjs.org/onsenui/-/onsenui-2.12.0.tgz",
      "integrity": "sha512-E6ocOTVtdEkbyOUaVLf0PtZrZK8TltIZlBgfOayVY9Ge+xbR8+utdsGCemP1Z44y2N8cU0sNfIFZzLlsYWNPFQ==",
      "engines": {
        "node": ">= 4.0.0"
      }
    }
  },
  "dependencies": {
    "onsenui": {
      "version": "2.12.0",
      "resolved": "https://registry.npmjs.org/onsenui/-/onsenui-2.12.0.tgz",
      "integrity": "sha512-E6ocOTVtdEkbyOUaVLf0PtZrZK8TltIZlBgfOayVY9Ge+xbR8+utdsGCemP1Z44y2N8cU0sNfIFZzLlsYWNPFQ=="
    }
  }
}
